Microsoft Visual Studio Solution File, Format Version 12.00
# Visual Studio Version 16
VisualStudioVersion = 16.0.0.0
MinimumVisualStudioVersion = 16.0.0.0
Project("{9A19103F-16F7-4668-BE54-9A1E7A4F7556}") = "WebApp", "WebApp\WebApp.csproj", "{1B082BAB-5539-48D4-97CC-BC6750FA9E67}"
EndProject
Project("{9A19103F-16F7-4668-BE54-9A1E7A4F7556}") = "WebApp.Client", "WebApp.Client\WebApp.Client.csproj", "{5007564D-9C9C-4058-A607-E8A170FF9FD1}"
EndProject
Project("{FAE04EC0-301F-11D3-BF4B-00C04F79EFBC}") = "Models", "Models\Models.csproj", "{05B17186-D9EF-41EF-AC68-617A4E51A4FF}"
EndProject
Project("{FAE04EC0-301F-11D3-BF4B-00C04F79EFBC}") = "Models.Tests", "Models.Tests\Models.Tests.csproj", "{38107F1D-105E-4909-8707-428901D623A3}"
EndProject
Project("{FAE04EC0-301F-11D3-BF4B-00C04F79EFBC}") = "WebApp.Tests", "WebApp.Tests\WebApp.Tests.csproj", "{E8BBF15A-653D-4822-B3F5-D3F158CA8BCD}"
EndProject
Global
	GlobalSection(SolutionConfigurationPlatforms) = preSolution
		Debug|Any CPU = Debug|Any CPU
		Debug|x64 = Debug|x64
		Debug|x86 = Debug|x86
		Release|Any CPU = Release|Any CPU
		Release|x64 = Release|x64
		Release|x86 = Release|x86
	EndGlobalSection
	GlobalSection(ProjectConfigurationPlatforms) = postSolution
		{5007564D-9C9C-4058-A607-E8A170FF9FD1}.Debug|Any CPU.ActiveCfg = Debug|Any CPU
		{5007564D-9C9C-4058-A607-E8A170FF9FD1}.Debug|Any CPU.Build.0 = Debug|Any CPU
		{5007564D-9C9C-4058-A607-E8A170FF9FD1}.Debug|x64.ActiveCfg = Debug|Any CPU
		{5007564D-9C9C-4058-A607-E8A170FF9FD1}.Debug|x64.Build.0 = Debug|Any CPU
		{5007564D-9C9C-4058-A607-E8A170FF9FD1}.Debug|x86.ActiveCfg = Debug|Any CPU
		{5007564D-9C9C-4058-A607-E8A170FF9FD1}.Debug|x86.Build.0 = Debug|Any CPU
		{5007564D-9C9C-4058-A607-E8A170FF9FD1}.Release|Any CPU.ActiveCfg = Release|Any CPU
		{5007564D-9C9C-4058-A607-E8A170FF9FD1}.Release|Any CPU.Build.0 = Release|Any CPU
		{5007564D-9C9C-4058-A607-E8A170FF9FD1}.Release|x64.ActiveCfg = Release|Any CPU
		{5007564D-9C9C-4058-A607-E8A170FF9FD1}.Release|x64.Build.0 = Release|Any CPU
		{5007564D-9C9C-4058-A607-E8A170FF9FD1}.Release|x86.ActiveCfg = Release|Any CPU
		{5007564D-9C9C-4058-A607-E8A170FF9FD1}.Release|x86.Build.0 = Release|Any CPU
		{1B082BAB-5539-48D4-97CC-BC6750FA9E67}.Debug|Any CPU.ActiveCfg = Debug|Any CPU
		{1B082BAB-5539-48D4-97CC-BC6750FA9E67}.Debug|Any CPU.Build.0 = Debug|Any CPU
		{1B082BAB-5539-48D4-97CC-BC6750FA9E67}.Debug|x64.ActiveCfg = Debug|Any CPU
		{1B082BAB-5539-48D4-97CC-BC6750FA9E67}.Debug|x64.Build.0 = Debug|Any CPU
		{1B082BAB-5539-48D4-97CC-BC6750FA9E67}.Debug|x86.ActiveCfg = Debug|Any CPU
		{1B082BAB-5539-48D4-97CC-BC6750FA9E67}.Debug|x86.Build.0 = Debug|Any CPU
		{1B082BAB-5539-48D4-97CC-BC6750FA9E67}.Release|Any CPU.ActiveCfg = Release|Any CPU
		{1B082BAB-5539-48D4-97CC-BC6750FA9E67}.Release|Any CPU.Build.0 = Release|Any CPU
		{1B082BAB-5539-48D4-97CC-BC6750FA9E67}.Release|x64.ActiveCfg = Release|Any CPU
		{1B082BAB-5539-48D4-97CC-BC6750FA9E67}.Release|x64.Build.0 = Release|Any CPU
		{1B082BAB-5539-48D4-97CC-BC6750FA9E67}.Release|x86.ActiveCfg = Release|Any CPU
		{1B082BAB-5539-48D4-97CC-BC6750FA9E67}.Release|x86.Build.0 = Release|Any CPU
		{05B17186-D9EF-41EF-AC68-617A4E51A4FF}.Debug|Any CPU.ActiveCfg = Debug|Any CPU
		{05B17186-D9EF-41EF-AC68-617A4E51A4FF}.Debug|Any CPU.Build.0 = Debug|Any CPU
		{05B17186-D9EF-41EF-AC68-617A4E51A4FF}.Debug|x64.ActiveCfg = Debug|Any CPU
		{05B17186-D9EF-41EF-AC68-617A4E51A4FF}.Debug|x64.Build.0 = Debug|Any CPU
		{05B17186-D9EF-41EF-AC68-617A4E51A4FF}.Debug|x86.ActiveCfg = Debug|Any CPU
		{05B17186-D9EF-41EF-AC68-617A4E51A4FF}.Debug|x86.Build.0 = Debug|Any CPU
		{05B17186-D9EF-41EF-AC68-617A4E51A4FF}.Release|Any CPU.ActiveCfg = Release|Any CPU
		{05B17186-D9EF-41EF-AC68-617A4E51A4FF}.Release|Any CPU.Build.0 = Release|Any CPU
		{05B17186-D9EF-41EF-AC68-617A4E51A4FF}.Release|x64.ActiveCfg = Release|Any CPU
		{05B17186-D9EF-41EF-AC68-617A4E51A4FF}.Release|x64.Build.0 = Release|Any CPU
		{05B17186-D9EF-41EF-AC68-617A4E51A4FF}.Release|x86.ActiveCfg = Release|Any CPU
		{05B17186-D9EF-41EF-AC68-617A4E51A4FF}.Release|x86.Build.0 = Release|Any CPU
		{38107F1D-105E-4909-8707-428901D623A3}.Debug|Any CPU.ActiveCfg = Debug|Any CPU
		{38107F1D-105E-4909-8707-428901D623A3}.Debug|Any CPU.Build.0 = Debug|Any CPU
		{38107F1D-105E-4909-8707-428901D623A3}.Debug|x64.ActiveCfg = Debug|Any CPU
		{38107F1D-105E-4909-8707-428901D623A3}.Debug|x64.Build.0 = Debug|Any CPU
		{38107F1D-105E-4909-8707-428901D623A3}.Debug|x86.ActiveCfg = Debug|Any CPU
		{38107F1D-105E-4909-8707-428901D623A3}.Debug|x86.Build.0 = Debug|Any CPU
		{38107F1D-105E-4909-8707-428901D623A3}.Release|Any CPU.ActiveCfg = Release|Any CPU
		{38107F1D-105E-4909-8707-428901D623A3}.Release|Any CPU.Build.0 = Release|Any CPU
		{38107F1D-105E-4909-8707-428901D623A3}.Release|x64.ActiveCfg = Release|Any CPU
		{38107F1D-105E-4909-8707-428901D623A3}.Release|x64.Build.0 = Release|Any CPU
		{38107F1D-105E-4909-8707-428901D623A3}.Release|x86.ActiveCfg = Release|Any CPU
		{38107F1D-105E-4909-8707-428901D623A3}.Release|x86.Build.0 = Release|Any CPU
		{E8BBF15A-653D-4822-B3F5-D3F158CA8BCD}.Debug|Any CPU.ActiveCfg = Debug|Any CPU
		{E8BBF15A-653D-4822-B3F5-D3F158CA8BCD}.Debug|Any CPU.Build.0 = Debug|Any CPU
		{E8BBF15A-653D-4822-B3F5-D3F158CA8BCD}.Debug|x64.ActiveCfg = Debug|Any CPU
		{E8BBF15A-653D-4822-B3F5-D3F158CA8BCD}.Debug|x64.Build.0 = Debug|Any CPU
		{E8BBF15A-653D-4822-B3F5-D3F158CA8BCD}.Debug|x86.ActiveCfg = Debug|Any CPU
		{E8BBF15A-653D-4822-B3F5-D3F158CA8BCD}.Debug|x86.Build.0 = Debug|Any CPU
		{E8BBF15A-653D-4822-B3F5-D3F158CA8BCD}.Release|Any CPU.ActiveCfg = Release|Any CPU
		{E8BBF15A-653D-4822-B3F5-D3F158CA8BCD}.Release|Any CPU.Build.0 = Release|Any CPU
		{E8BBF15A-653D-4822-B3F5-D3F158CA8BCD}.Release|x64.ActiveCfg = Release|Any CPU
		{E8BBF15A-653D-4822-B3F5-D3F158CA8BCD}.Release|x64.Build.0 = Release|Any CPU
		{E8BBF15A-653D-4822-B3F5-D3F158CA8BCD}.Release|x86.ActiveCfg = Release|Any CPU
		{E8BBF15A-653D-4822-B3F5-D3F158CA8BCD}.Release|x86.Build.0 = Release|Any CPU
	EndGlobalSection
	GlobalSection(SolutionProperties) = preSolution
		HideSolutionNode = FALSE
	EndGlobalSection
	GlobalSection(ExtensibilityGlobals) = postSolution
		SolutionGuid = {0E7B7BEA-77E6-40CB-B1E4-2ABD013F64B3}
	EndGlobalSection
EndGlobal
